
Microsoft Visual Studio Solution File, Format Version 12.00
# Visual Studio Version 16
VisualStudioVersion = 16.0.30225.117
MinimumVisualStudioVersion = 10.0.40219.1
Project("{FAE04EC0-301F-11D3-BF4B-00C04F79EFBC}") = "RvtVa3c", "Revit\RvtVa3c\RvtVa3c\RvtVa3c.csproj", "{3F865D22-8849-4DFA-9E7C-3533A8A159EA}"
EndProject
Project("{FAE04EC0-301F-11D3-BF4B-00C04F79EFBC}") = "BIMSocket_VIM", "VIM\BIMSocketVIM\BIMSocket_VIM.csproj", "{B7DA1367-8DD1-46D0-B494-77DBEFFC16BB}"
EndProject
Project("{FAE04EC0-301F-11D3-BF4B-00C04F79EFBC}") = "BIMSocket_Revit", "Revit\BIMSocket_Revit.csproj", "{F310C124-EEE8-4740-95F9-E444F5083ED2}"
EndProject
Project("{FAE04EC0-301F-11D3-BF4B-00C04F79EFBC}") = "BIMSocket_Rhino", "Rhino\BIMSocket\BIMSocket_Rhino.csproj", "{3B2755BD-C95F-4D2B-B2A6-46BC3AB19C06}"
EndProject
Project("{2150E333-8FDC-42A3-9474-1A3956D46DE8}") = "Auxiliary", "Auxiliary", "{32838495-8793-4BFB-B761-8499EB9860FC}"
EndProject
Project("{FAE04EC0-301F-11D3-BF4B-00C04F79EFBC}") = "RCva3c", "Rhino\BIMSocket\RCvA3C\RCva3c\RCva3c\RCva3c.csproj", "{F36BA6B4-38B5-4477-9A20-B6BFF3B8CF9B}"
EndProject
Project("{FAE04EC0-301F-11D3-BF4B-00C04F79EFBC}") = "RhinoToJson", "Rhino\BIMSocket\RhinoToJson\RhinoToJson\RhinoToJson.csproj", "{F6C7A91B-8ACE-407D-BC71-0F4E4BCB3CFE}"
EndProject
Global
	GlobalSection(SolutionConfigurationPlatforms) = preSolution
		2017|Any CPU = 2017|Any CPU
		2017|x86 = 2017|x86
		2018|Any CPU = 2018|Any CPU
		2018|x86 = 2018|x86
		2019|Any CPU = 2019|Any CPU
		2019|x86 = 2019|x86
		2020|Any CPU = 2020|Any CPU
		2020|x86 = 2020|x86
		Debug|Any CPU = Debug|Any CPU
		Debug|x86 = Debug|x86
		Debug32|Any CPU = Debug32|Any CPU
		Debug32|x86 = Debug32|x86
		Debug64|Any CPU = Debug64|Any CPU
		Debug64|x86 = Debug64|x86
		Release|Any CPU = Release|Any CPU
		Release|x86 = Release|x86
	EndGlobalSection
	GlobalSection(ProjectConfigurationPlatforms) = postSolution
		{3F865D22-8849-4DFA-9E7C-3533A8A159EA}.2017|Any CPU.ActiveCfg = Release|Any CPU
		{3F865D22-8849-4DFA-9E7C-3533A8A159EA}.2017|Any CPU.Build.0 = Release|Any CPU
		{3F865D22-8849-4DFA-9E7C-3533A8A159EA}.2017|x86.ActiveCfg = Release|Any CPU
		{3F865D22-8849-4DFA-9E7C-3533A8A159EA}.2017|x86.Build.0 = Release|Any CPU
		{3F865D22-8849-4DFA-9E7C-3533A8A159EA}.2018|Any CPU.ActiveCfg = Release|Any CPU
		{3F865D22-8849-4DFA-9E7C-3533A8A159EA}.2018|Any CPU.Build.0 = Release|Any CPU
		{3F865D22-8849-4DFA-9E7C-3533A8A159EA}.2018|x86.ActiveCfg = Release|Any CPU
		{3F865D22-8849-4DFA-9E7C-3533A8A159EA}.2018|x86.Build.0 = Release|Any CPU
		{3F865D22-8849-4DFA-9E7C-3533A8A159EA}.2019|Any CPU.ActiveCfg = Release|Any CPU
		{3F865D22-8849-4DFA-9E7C-3533A8A159EA}.2019|Any CPU.Build.0 = Release|Any CPU
		{3F865D22-8849-4DFA-9E7C-3533A8A159EA}.2019|x86.ActiveCfg = Release|Any CPU
		{3F865D22-8849-4DFA-9E7C-3533A8A159EA}.2019|x86.Build.0 = Release|Any CPU
		{3F865D22-8849-4DFA-9E7C-3533A8A159EA}.2020|Any CPU.ActiveCfg = Release|Any CPU
		{3F865D22-8849-4DFA-9E7C-3533A8A159EA}.2020|Any CPU.Build.0 = Release|Any CPU
		{3F865D22-8849-4DFA-9E7C-3533A8A159EA}.2020|x86.ActiveCfg = Release|Any CPU
		{3F865D22-8849-4DFA-9E7C-3533A8A159EA}.2020|x86.Build.0 = Release|Any CPU
		{3F865D22-8849-4DFA-9E7C-3533A8A159EA}.Debug|Any CPU.ActiveCfg = Debug|Any CPU
		{3F865D22-8849-4DFA-9E7C-3533A8A159EA}.Debug|Any CPU.Build.0 = Debug|Any CPU
		{3F865D22-8849-4DFA-9E7C-3533A8A159EA}.Debug|x86.ActiveCfg = Debug|Any CPU
		{3F865D22-8849-4DFA-9E7C-3533A8A159EA}.Debug|x86.Build.0 = Debug|Any CPU
		{3F865D22-8849-4DFA-9E7C-3533A8A159EA}.Debug32|Any CPU.ActiveCfg = Debug|Any CPU
		{3F865D22-8849-4DFA-9E7C-3533A8A159EA}.Debug32|Any CPU.Build.0 = Debug|Any CPU
		{3F865D22-8849-4DFA-9E7C-3533A8A159EA}.Debug32|x86.ActiveCfg = Debug|Any CPU
		{3F865D22-8849-4DFA-9E7C-3533A8A159EA}.Debug32|x86.Build.0 = Debug|Any CPU
		{3F865D22-8849-4DFA-9E7C-3533A8A159EA}.Debug64|Any CPU.ActiveCfg = Debug|Any CPU
		{3F865D22-8849-4DFA-9E7C-3533A8A159EA}.Debug64|Any CPU.Build.0 = Debug|Any CPU
		{3F865D22-8849-4DFA-9E7C-3533A8A159EA}.Debug64|x86.ActiveCfg = Debug|Any CPU
		{3F865D22-8849-4DFA-9E7C-3533A8A159EA}.Debug64|x86.Build.0 = Debug|Any CPU
		{3F865D22-8849-4DFA-9E7C-3533A8A159EA}.Release|Any CPU.ActiveCfg = Release|Any CPU
		{3F865D22-8849-4DFA-9E7C-3533A8A159EA}.Release|Any CPU.Build.0 = Release|Any CPU
		{3F865D22-8849-4DFA-9E7C-3533A8A159EA}.Release|x86.ActiveCfg = Release|Any CPU
		{3F865D22-8849-4DFA-9E7C-3533A8A159EA}.Release|x86.Build.0 = Release|Any CPU
		{B7DA1367-8DD1-46D0-B494-77DBEFFC16BB}.2017|Any CPU.ActiveCfg = Release|Any CPU
		{B7DA1367-8DD1-46D0-B494-77DBEFFC16BB}.2017|Any CPU.Build.0 = Release|Any CPU
		{B7DA1367-8DD1-46D0-B494-77DBEFFC16BB}.2017|x86.ActiveCfg = Release|Any CPU
		{B7DA1367-8DD1-46D0-B494-77DBEFFC16BB}.2017|x86.Build.0 = Release|Any CPU
		{B7DA1367-8DD1-46D0-B494-77DBEFFC16BB}.2018|Any CPU.ActiveCfg = Release|Any CPU
		{B7DA1367-8DD1-46D0-B494-77DBEFFC16BB}.2018|Any CPU.Build.0 = Release|Any CPU
		{B7DA1367-8DD1-46D0-B494-77DBEFFC16BB}.2018|x86.ActiveCfg = Release|Any CPU
		{B7DA1367-8DD1-46D0-B494-77DBEFFC16BB}.2018|x86.Build.0 = Release|Any CPU
		{B7DA1367-8DD1-46D0-B494-77DBEFFC16BB}.2019|Any CPU.ActiveCfg = Release|Any CPU
		{B7DA1367-8DD1-46D0-B494-77DBEFFC16BB}.2019|Any CPU.Build.0 = Release|Any CPU
		{B7DA1367-8DD1-46D0-B494-77DBEFFC16BB}.2019|x86.ActiveCfg = Release|Any CPU
		{B7DA1367-8DD1-46D0-B494-77DBEFFC16BB}.2019|x86.Build.0 = Release|Any CPU
		{B7DA1367-8DD1-46D0-B494-77DBEFFC16BB}.2020|Any CPU.ActiveCfg = Release|Any CPU
		{B7DA1367-8DD1-46D0-B494-77DBEFFC16BB}.2020|Any CPU.Build.0 = Release|Any CPU
		{B7DA1367-8DD1-46D0-B494-77DBEFFC16BB}.2020|x86.ActiveCfg = Release|Any CPU
		{B7DA1367-8DD1-46D0-B494-77DBEFFC16BB}.2020|x86.Build.0 = Release|Any CPU
		{B7DA1367-8DD1-46D0-B494-77DBEFFC16BB}.Debug|Any CPU.ActiveCfg = Debug|Any CPU
		{B7DA1367-8DD1-46D0-B494-77DBEFFC16BB}.Debug|Any CPU.Build.0 = Debug|Any CPU
		{B7DA1367-8DD1-46D0-B494-77DBEFFC16BB}.Debug|x86.ActiveCfg = Debug|Any CPU
		{B7DA1367-8DD1-46D0-B494-77DBEFFC16BB}.Debug|x86.Build.0 = Debug|Any CPU
		{B7DA1367-8DD1-46D0-B494-77DBEFFC16BB}.Debug32|Any CPU.ActiveCfg = Debug|Any CPU
		{B7DA1367-8DD1-46D0-B494-77DBEFFC16BB}.Debug32|Any CPU.Build.0 = Debug|Any CPU
		{B7DA1367-8DD1-46D0-B494-77DBEFFC16BB}.Debug32|x86.ActiveCfg = Debug|Any CPU
		{B7DA1367-8DD1-46D0-B494-77DBEFFC16BB}.Debug32|x86.Build.0 = Debug|Any CPU
		{B7DA1367-8DD1-46D0-B494-77DBEFFC16BB}.Debug64|Any CPU.ActiveCfg = Debug|Any CPU
		{B7DA1367-8DD1-46D0-B494-77DBEFFC16BB}.Debug64|Any CPU.Build.0 = Debug|Any CPU
		{B7DA1367-8DD1-46D0-B494-77DBEFFC16BB}.Debug64|x86.ActiveCfg = Debug|Any CPU
		{B7DA1367-8DD1-46D0-B494-77DBEFFC16BB}.Debug64|x86.Build.0 = Debug|Any CPU
		{B7DA1367-8DD1-46D0-B494-77DBEFFC16BB}.Release|Any CPU.ActiveCfg = Release|Any CPU
		{B7DA1367-8DD1-46D0-B494-77DBEFFC16BB}.Release|Any CPU.Build.0 = Release|Any CPU
		{B7DA1367-8DD1-46D0-B494-77DBEFFC16BB}.Release|x86.ActiveCfg = Release|Any CPU
		{B7DA1367-8DD1-46D0-B494-77DBEFFC16BB}.Release|x86.Build.0 = Release|Any CPU
		{F310C124-EEE8-4740-95F9-E444F5083ED2}.2017|Any CPU.ActiveCfg = 2017|Any CPU
		{F310C124-EEE8-4740-95F9-E444F5083ED2}.2017|Any CPU.Build.0 = 2017|Any CPU
		{F310C124-EEE8-4740-95F9-E444F5083ED2}.2017|x86.ActiveCfg = 2017|Any CPU
		{F310C124-EEE8-4740-95F9-E444F5083ED2}.2017|x86.Build.0 = 2017|Any CPU
		{F310C124-EEE8-4740-95F9-E444F5083ED2}.2018|Any CPU.ActiveCfg = 2018|Any CPU
		{F310C124-EEE8-4740-95F9-E444F5083ED2}.2018|Any CPU.Build.0 = 2018|Any CPU
		{F310C124-EEE8-4740-95F9-E444F5083ED2}.2018|x86.ActiveCfg = 2018|Any CPU
		{F310C124-EEE8-4740-95F9-E444F5083ED2}.2018|x86.Build.0 = 2018|Any CPU
		{F310C124-EEE8-4740-95F9-E444F5083ED2}.2019|Any CPU.ActiveCfg = 2019|Any CPU
		{F310C124-EEE8-4740-95F9-E444F5083ED2}.2019|Any CPU.Build.0 = 2019|Any CPU
		{F310C124-EEE8-4740-95F9-E444F5083ED2}.2019|x86.ActiveCfg = 2019|Any CPU
		{F310C124-EEE8-4740-95F9-E444F5083ED2}.2019|x86.Build.0 = 2019|Any CPU
		{F310C124-EEE8-4740-95F9-E444F5083ED2}.2020|Any CPU.ActiveCfg = 2020|Any CPU
		{F310C124-EEE8-4740-95F9-E444F5083ED2}.2020|Any CPU.Build.0 = 2020|Any CPU
		{F310C124-EEE8-4740-95F9-E444F5083ED2}.2020|x86.ActiveCfg = 2020|Any CPU
		{F310C124-EEE8-4740-95F9-E444F5083ED2}.2020|x86.Build.0 = 2020|Any CPU
		{F310C124-EEE8-4740-95F9-E444F5083ED2}.Debug|Any CPU.ActiveCfg = Debug|Any CPU
		{F310C124-EEE8-4740-95F9-E444F5083ED2}.Debug|Any CPU.Build.0 = Debug|Any CPU
		{F310C124-EEE8-4740-95F9-E444F5083ED2}.Debug|x86.ActiveCfg = Debug|Any CPU
		{F310C124-EEE8-4740-95F9-E444F5083ED2}.Debug|x86.Build.0 = Debug|Any CPU
		{F310C124-EEE8-4740-95F9-E444F5083ED2}.Debug32|Any CPU.ActiveCfg = Debug|Any CPU
		{F310C124-EEE8-4740-95F9-E444F5083ED2}.Debug32|Any CPU.Build.0 = Debug|Any CPU
		{F310C124-EEE8-4740-95F9-E444F5083ED2}.Debug32|x86.ActiveCfg = Debug|Any CPU
		{F310C124-EEE8-4740-95F9-E444F5083ED2}.Debug32|x86.Build.0 = Debug|Any CPU
		{F310C124-EEE8-4740-95F9-E444F5083ED2}.Debug64|Any CPU.ActiveCfg = Debug|Any CPU
		{F310C124-EEE8-4740-95F9-E444F5083ED2}.Debug64|Any CPU.Build.0 = Debug|Any CPU
		{F310C124-EEE8-4740-95F9-E444F5083ED2}.Debug64|x86.ActiveCfg = Debug|Any CPU
		{F310C124-EEE8-4740-95F9-E444F5083ED2}.Debug64|x86.Build.0 = Debug|Any CPU
		{F310C124-EEE8-4740-95F9-E444F5083ED2}.Release|Any CPU.ActiveCfg = Release|Any CPU
		{F310C124-EEE8-4740-95F9-E444F5083ED2}.Release|Any CPU.Build.0 = Release|Any CPU
		{F310C124-EEE8-4740-95F9-E444F5083ED2}.Release|x86.ActiveCfg = Release|Any CPU
		{F310C124-EEE8-4740-95F9-E444F5083ED2}.Release|x86.Build.0 = Release|Any CPU
		{3B2755BD-C95F-4D2B-B2A6-46BC3AB19C06}.2017|Any CPU.ActiveCfg = Release|Any CPU
		{3B2755BD-C95F-4D2B-B2A6-46BC3AB19C06}.2017|Any CPU.Build.0 = Release|Any CPU
		{3B2755BD-C95F-4D2B-B2A6-46BC3AB19C06}.2017|x86.ActiveCfg = Release|Any CPU
		{3B2755BD-C95F-4D2B-B2A6-46BC3AB19C06}.2017|x86.Build.0 = Release|Any CPU
		{3B2755BD-C95F-4D2B-B2A6-46BC3AB19C06}.2018|Any CPU.ActiveCfg = Release|Any CPU
		{3B2755BD-C95F-4D2B-B2A6-46BC3AB19C06}.2018|Any CPU.Build.0 = Release|Any CPU
		{3B2755BD-C95F-4D2B-B2A6-46BC3AB19C06}.2018|x86.ActiveCfg = Release|Any CPU
		{3B2755BD-C95F-4D2B-B2A6-46BC3AB19C06}.2018|x86.Build.0 = Release|Any CPU
		{3B2755BD-C95F-4D2B-B2A6-46BC3AB19C06}.2019|Any CPU.ActiveCfg = Release|Any CPU
		{3B2755BD-C95F-4D2B-B2A6-46BC3AB19C06}.2019|Any CPU.Build.0 = Release|Any CPU
		{3B2755BD-C95F-4D2B-B2A6-46BC3AB19C06}.2019|x86.ActiveCfg = Release|Any CPU
		{3B2755BD-C95F-4D2B-B2A6-46BC3AB19C06}.2019|x86.Build.0 = Release|Any CPU
		{3B2755BD-C95F-4D2B-B2A6-46BC3AB19C06}.2020|Any CPU.ActiveCfg = Release|Any CPU
		{3B2755BD-C95F-4D2B-B2A6-46BC3AB19C06}.2020|Any CPU.Build.0 = Release|Any CPU
		{3B2755BD-C95F-4D2B-B2A6-46BC3AB19C06}.2020|x86.ActiveCfg = Release|Any CPU
		{3B2755BD-C95F-4D2B-B2A6-46BC3AB19C06}.2020|x86.Build.0 = Release|Any CPU
		{3B2755BD-C95F-4D2B-B2A6-46BC3AB19C06}.Debug|Any CPU.ActiveCfg = Debug|Any CPU
		{3B2755BD-C95F-4D2B-B2A6-46BC3AB19C06}.Debug|Any CPU.Build.0 = Debug|Any CPU
		{3B2755BD-C95F-4D2B-B2A6-46BC3AB19C06}.Debug|x86.ActiveCfg = Debug|Any CPU
		{3B2755BD-C95F-4D2B-B2A6-46BC3AB19C06}.Debug|x86.Build.0 = Debug|Any CPU
		{3B2755BD-C95F-4D2B-B2A6-46BC3AB19C06}.Debug32|Any CPU.ActiveCfg = Debug|Any CPU
		{3B2755BD-C95F-4D2B-B2A6-46BC3AB19C06}.Debug32|Any CPU.Build.0 = Debug|Any CPU
		{3B2755BD-C95F-4D2B-B2A6-46BC3AB19C06}.Debug32|x86.ActiveCfg = Debug|Any CPU
		{3B2755BD-C95F-4D2B-B2A6-46BC3AB19C06}.Debug32|x86.Build.0 = Debug|Any CPU
		{3B2755BD-C95F-4D2B-B2A6-46BC3AB19C06}.Debug64|Any CPU.ActiveCfg = Debug|Any CPU
		{3B2755BD-C95F-4D2B-B2A6-46BC3AB19C06}.Debug64|Any CPU.Build.0 = Debug|Any CPU
		{3B2755BD-C95F-4D2B-B2A6-46BC3AB19C06}.Debug64|x86.ActiveCfg = Debug|Any CPU
		{3B2755BD-C95F-4D2B-B2A6-46BC3AB19C06}.Debug64|x86.Build.0 = Debug|Any CPU
		{3B2755BD-C95F-4D2B-B2A6-46BC3AB19C06}.Release|Any CPU.ActiveCfg = Release|Any CPU
		{3B2755BD-C95F-4D2B-B2A6-46BC3AB19C06}.Release|Any CPU.Build.0 = Release|Any CPU
		{3B2755BD-C95F-4D2B-B2A6-46BC3AB19C06}.Release|x86.ActiveCfg = Release|Any CPU
		{3B2755BD-C95F-4D2B-B2A6-46BC3AB19C06}.Release|x86.Build.0 = Release|Any CPU
		{F36BA6B4-38B5-4477-9A20-B6BFF3B8CF9B}.2017|Any CPU.ActiveCfg = Release|Any CPU
		{F36BA6B4-38B5-4477-9A20-B6BFF3B8CF9B}.2017|Any CPU.Build.0 = Release|Any CPU
		{F36BA6B4-38B5-4477-9A20-B6BFF3B8CF9B}.2017|x86.ActiveCfg = Release|x86
		{F36BA6B4-38B5-4477-9A20-B6BFF3B8CF9B}.2017|x86.Build.0 = Release|x86
		{F36BA6B4-38B5-4477-9A20-B6BFF3B8CF9B}.2018|Any CPU.ActiveCfg = Release|Any CPU
		{F36BA6B4-38B5-4477-9A20-B6BFF3B8CF9B}.2018|Any CPU.Build.0 = Release|Any CPU
		{F36BA6B4-38B5-4477-9A20-B6BFF3B8CF9B}.2018|x86.ActiveCfg = Release|x86
		{F36BA6B4-38B5-4477-9A20-B6BFF3B8CF9B}.2018|x86.Build.0 = Release|x86
		{F36BA6B4-38B5-4477-9A20-B6BFF3B8CF9B}.2019|Any CPU.ActiveCfg = Release|Any CPU
		{F36BA6B4-38B5-4477-9A20-B6BFF3B8CF9B}.2019|Any CPU.Build.0 = Release|Any CPU
		{F36BA6B4-38B5-4477-9A20-B6BFF3B8CF9B}.2019|x86.ActiveCfg = Release|x86
		{F36BA6B4-38B5-4477-9A20-B6BFF3B8CF9B}.2019|x86.Build.0 = Release|x86
		{F36BA6B4-38B5-4477-9A20-B6BFF3B8CF9B}.2020|Any CPU.ActiveCfg = Release|Any CPU
		{F36BA6B4-38B5-4477-9A20-B6BFF3B8CF9B}.2020|Any CPU.Build.0 = Release|Any CPU
		{F36BA6B4-38B5-4477-9A20-B6BFF3B8CF9B}.2020|x86.ActiveCfg = Release|x86
		{F36BA6B4-38B5-4477-9A20-B6BFF3B8CF9B}.2020|x86.Build.0 = Release|x86
		{F36BA6B4-38B5-4477-9A20-B6BFF3B8CF9B}.Debug|Any CPU.ActiveCfg = Debug|Any CPU
		{F36BA6B4-38B5-4477-9A20-B6BFF3B8CF9B}.Debug|Any CPU.Build.0 = Debug|Any CPU
		{F36BA6B4-38B5-4477-9A20-B6BFF3B8CF9B}.Debug|x86.ActiveCfg = Debug|x86
		{F36BA6B4-38B5-4477-9A20-B6BFF3B8CF9B}.Debug|x86.Build.0 = Debug|x86
		{F36BA6B4-38B5-4477-9A20-B6BFF3B8CF9B}.Debug32|Any CPU.ActiveCfg = Debug|Any CPU
		{F36BA6B4-38B5-4477-9A20-B6BFF3B8CF9B}.Debug32|Any CPU.Build.0 = Debug|Any CPU
		{F36BA6B4-38B5-4477-9A20-B6BFF3B8CF9B}.Debug32|x86.ActiveCfg = Debug|x86
		{F36BA6B4-38B5-4477-9A20-B6BFF3B8CF9B}.Debug32|x86.Build.0 = Debug|x86
		{F36BA6B4-38B5-4477-9A20-B6BFF3B8CF9B}.Debug64|Any CPU.ActiveCfg = Debug|Any CPU
		{F36BA6B4-38B5-4477-9A20-B6BFF3B8CF9B}.Debug64|Any CPU.Build.0 = Debug|Any CPU
		{F36BA6B4-38B5-4477-9A20-B6BFF3B8CF9B}.Debug64|x86.ActiveCfg = Debug|x86
		{F36BA6B4-38B5-4477-9A20-B6BFF3B8CF9B}.Debug64|x86.Build.0 = Debug|x86
		{F36BA6B4-38B5-4477-9A20-B6BFF3B8CF9B}.Release|Any CPU.ActiveCfg = Release|Any CPU
		{F36BA6B4-38B5-4477-9A20-B6BFF3B8CF9B}.Release|Any CPU.Build.0 = Release|Any CPU
		{F36BA6B4-38B5-4477-9A20-B6BFF3B8CF9B}.Release|x86.ActiveCfg = Release|x86
		{F36BA6B4-38B5-4477-9A20-B6BFF3B8CF9B}.Release|x86.Build.0 = Release|x86
		{F6C7A91B-8ACE-407D-BC71-0F4E4BCB3CFE}.2017|Any CPU.ActiveCfg = Release|Any CPU
		{F6C7A91B-8ACE-407D-BC71-0F4E4BCB3CFE}.2017|Any CPU.Build.0 = Release|Any CPU
		{F6C7A91B-8ACE-407D-BC71-0F4E4BCB3CFE}.2017|x86.ActiveCfg = Release|Any CPU
		{F6C7A91B-8ACE-407D-BC71-0F4E4BCB3CFE}.2017|x86.Build.0 = Release|Any CPU
		{F6C7A91B-8ACE-407D-BC71-0F4E4BCB3CFE}.2018|Any CPU.ActiveCfg = Release|Any CPU
		{F6C7A91B-8ACE-407D-BC71-0F4E4BCB3CFE}.2018|Any CPU.Build.0 = Release|Any CPU
		{F6C7A91B-8ACE-407D-BC71-0F4E4BCB3CFE}.2018|x86.ActiveCfg = Release|Any CPU
		{F6C7A91B-8ACE-407D-BC71-0F4E4BCB3CFE}.2018|x86.Build.0 = Release|Any CPU
		{F6C7A91B-8ACE-407D-BC71-0F4E4BCB3CFE}.2019|Any CPU.ActiveCfg = Release|Any CPU
		{F6C7A91B-8ACE-407D-BC71-0F4E4BCB3CFE}.2019|Any CPU.Build.0 = Release|Any CPU
		{F6C7A91B-8ACE-407D-BC71-0F4E4BCB3CFE}.2019|x86.ActiveCfg = Release|Any CPU
		{F6C7A91B-8ACE-407D-BC71-0F4E4BCB3CFE}.2019|x86.Build.0 = Release|Any CPU
		{F6C7A91B-8ACE-407D-BC71-0F4E4BCB3CFE}.2020|Any CPU.ActiveCfg = Release|Any CPU
		{F6C7A91B-8ACE-407D-BC71-0F4E4BCB3CFE}.2020|Any CPU.Build.0 = Release|Any CPU
		{F6C7A91B-8ACE-407D-BC71-0F4E4BCB3CFE}.2020|x86.ActiveCfg = Release|Any CPU
		{F6C7A91B-8ACE-407D-BC71-0F4E4BCB3CFE}.2020|x86.Build.0 = Release|Any CPU
		{F6C7A91B-8ACE-407D-BC71-0F4E4BCB3CFE}.Debug|Any CPU.ActiveCfg = Debug64|Any CPU
		{F6C7A91B-8ACE-407D-BC71-0F4E4BCB3CFE}.Debug|Any CPU.Build.0 = Debug64|Any CPU
		{F6C7A91B-8ACE-407D-BC71-0F4E4BCB3CFE}.Debug|x86.ActiveCfg = Debug64|Any CPU
		{F6C7A91B-8ACE-407D-BC71-0F4E4BCB3CFE}.Debug|x86.Build.0 = Debug64|Any CPU
		{F6C7A91B-8ACE-407D-BC71-0F4E4BCB3CFE}.Debug32|Any CPU.ActiveCfg = Debug32|Any CPU
		{F6C7A91B-8ACE-407D-BC71-0F4E4BCB3CFE}.Debug32|Any CPU.Build.0 = Debug32|Any CPU
		{F6C7A91B-8ACE-407D-BC71-0F4E4BCB3CFE}.Debug32|x86.ActiveCfg = Debug32|Any CPU
		{F6C7A91B-8ACE-407D-BC71-0F4E4BCB3CFE}.Debug32|x86.Build.0 = Debug32|Any CPU
		{F6C7A91B-8ACE-407D-BC71-0F4E4BCB3CFE}.Debug64|Any CPU.ActiveCfg = Debug64|Any CPU
		{F6C7A91B-8ACE-407D-BC71-0F4E4BCB3CFE}.Debug64|Any CPU.Build.0 = Debug64|Any CPU
		{F6C7A91B-8ACE-407D-BC71-0F4E4BCB3CFE}.Debug64|x86.ActiveCfg = Debug64|Any CPU
		{F6C7A91B-8ACE-407D-BC71-0F4E4BCB3CFE}.Debug64|x86.Build.0 = Debug64|Any CPU
		{F6C7A91B-8ACE-407D-BC71-0F4E4BCB3CFE}.Release|Any CPU.ActiveCfg = Release|Any CPU
		{F6C7A91B-8ACE-407D-BC71-0F4E4BCB3CFE}.Release|Any CPU.Build.0 = Release|Any CPU
		{F6C7A91B-8ACE-407D-BC71-0F4E4BCB3CFE}.Release|x86.ActiveCfg = Release|Any CPU
		{F6C7A91B-8ACE-407D-BC71-0F4E4BCB3CFE}.Release|x86.Build.0 = Release|Any CPU
	EndGlobalSection
	GlobalSection(SolutionProperties) = preSolution
		HideSolutionNode = FALSE
	EndGlobalSection
	GlobalSection(NestedProjects) = preSolution
		{3F865D22-8849-4DFA-9E7C-3533A8A159EA} = {32838495-8793-4BFB-B761-8499EB9860FC}
		{F36BA6B4-38B5-4477-9A20-B6BFF3B8CF9B} = {32838495-8793-4BFB-B761-8499EB9860FC}
		{F6C7A91B-8ACE-407D-BC71-0F4E4BCB3CFE} = {32838495-8793-4BFB-B761-8499EB9860FC}
	EndGlobalSection
	GlobalSection(ExtensibilityGlobals) = postSolution
		SolutionGuid = {2595D905-2E52-4DDC-9351-56417CFAAAA4}
	EndGlobalSection
EndGlobal
