
Microsoft Visual Studio Solution File, Format Version 12.00
# Visual Studio Version 16
VisualStudioVersion = 16.0.30225.117
MinimumVisualStudioVersion = 10.0.40219.1
Project("{FAE04EC0-301F-11D3-BF4B-00C04F79EFBC}") = "BIMSocket", "BIMSocket.csproj", "{F310C124-EEE8-4740-95F9-E444F5083ED2}"
EndProject
Project("{FAE04EC0-301F-11D3-BF4B-00C04F79EFBC}") = "RvtVa3c", "RvtVa3c\RvtVa3c\RvtVa3c.csproj", "{3F865D22-8849-4DFA-9E7C-3533A8A159EA}"
EndProject
Global
	GlobalSection(SolutionConfigurationPlatforms) = preSolution
		2017|Any CPU = 2017|Any CPU
		2018|Any CPU = 2018|Any CPU
		2019|Any CPU = 2019|Any CPU
		2020|Any CPU = 2020|Any CPU
		Debug|Any CPU = Debug|Any CPU
		Release|Any CPU = Release|Any CPU
	EndGlobalSection
	GlobalSection(ProjectConfigurationPlatforms) = postSolution
		{F310C124-EEE8-4740-95F9-E444F5083ED2}.2017|Any CPU.ActiveCfg = 2017|Any CPU
		{F310C124-EEE8-4740-95F9-E444F5083ED2}.2017|Any CPU.Build.0 = 2017|Any CPU
		{F310C124-EEE8-4740-95F9-E444F5083ED2}.2018|Any CPU.ActiveCfg = 2018|Any CPU
		{F310C124-EEE8-4740-95F9-E444F5083ED2}.2018|Any CPU.Build.0 = 2018|Any CPU
		{F310C124-EEE8-4740-95F9-E444F5083ED2}.2019|Any CPU.ActiveCfg = 2019|Any CPU
		{F310C124-EEE8-4740-95F9-E444F5083ED2}.2019|Any CPU.Build.0 = 2019|Any CPU
		{F310C124-EEE8-4740-95F9-E444F5083ED2}.2020|Any CPU.ActiveCfg = 2020|Any CPU
		{F310C124-EEE8-4740-95F9-E444F5083ED2}.2020|Any CPU.Build.0 = 2020|Any CPU
		{F310C124-EEE8-4740-95F9-E444F5083ED2}.Debug|Any CPU.ActiveCfg = Debug|Any CPU
		{F310C124-EEE8-4740-95F9-E444F5083ED2}.Debug|Any CPU.Build.0 = Debug|Any CPU
		{F310C124-EEE8-4740-95F9-E444F5083ED2}.Release|Any CPU.ActiveCfg = Release|Any CPU
		{F310C124-EEE8-4740-95F9-E444F5083ED2}.Release|Any CPU.Build.0 = Release|Any CPU
		{3F865D22-8849-4DFA-9E7C-3533A8A159EA}.2017|Any CPU.ActiveCfg = Release|Any CPU
		{3F865D22-8849-4DFA-9E7C-3533A8A159EA}.2017|Any CPU.Build.0 = Release|Any CPU
		{3F865D22-8849-4DFA-9E7C-3533A8A159EA}.2018|Any CPU.ActiveCfg = Release|Any CPU
		{3F865D22-8849-4DFA-9E7C-3533A8A159EA}.2018|Any CPU.Build.0 = Release|Any CPU
		{3F865D22-8849-4DFA-9E7C-3533A8A159EA}.2019|Any CPU.ActiveCfg = Release|Any CPU
		{3F865D22-8849-4DFA-9E7C-3533A8A159EA}.2019|Any CPU.Build.0 = Release|Any CPU
		{3F865D22-8849-4DFA-9E7C-3533A8A159EA}.2020|Any CPU.ActiveCfg = Release|Any CPU
		{3F865D22-8849-4DFA-9E7C-3533A8A159EA}.2020|Any CPU.Build.0 = Release|Any CPU
		{3F865D22-8849-4DFA-9E7C-3533A8A159EA}.Debug|Any CPU.ActiveCfg = Debug|Any CPU
		{3F865D22-8849-4DFA-9E7C-3533A8A159EA}.Debug|Any CPU.Build.0 = Debug|Any CPU
		{3F865D22-8849-4DFA-9E7C-3533A8A159EA}.Release|Any CPU.ActiveCfg = Release|Any CPU
		{3F865D22-8849-4DFA-9E7C-3533A8A159EA}.Release|Any CPU.Build.0 = Release|Any CPU
	EndGlobalSection
	GlobalSection(SolutionProperties) = preSolution
		HideSolutionNode = FALSE
	EndGlobalSection
	GlobalSection(ExtensibilityGlobals) = postSolution
		SolutionGuid = {2595D905-2E52-4DDC-9351-56417CFAAAA4}
	EndGlobalSection
EndGlobal
